
Microsoft Visual Studio Solution File, Format Version 12.00
# Visual Studio Version 16
VisualStudioVersion = 16.0.29519.181
MinimumVisualStudioVersion = 10.0.40219.1
Project("{2150E333-8FDC-42A3-9474-1A3956D46DE8}") = "Aplication", "Aplication", "{4BAD6CCF-8ECF-4591-A590-7CF4A02BD12A}"
EndProject
Project("{2150E333-8FDC-42A3-9474-1A3956D46DE8}") = "Domin", "Domin", "{459996AE-7F22-4E75-B0E3-0436640F6B94}"
EndProject
Project("{2150E333-8FDC-42A3-9474-1A3956D46DE8}") = "Data", "Data", "{2A24312D-F411-4ECA-A403-88F17BB7048E}"
EndProject
Project("{2150E333-8FDC-42A3-9474-1A3956D46DE8}") = "ProjectMvc.UI", "ProjectMvc.UI", "{75F8D2B6-078D-4AA7-882E-A104FF135C3F}"
EndProject
Project("{FAE04EC0-301F-11D3-BF4B-00C04F79EFBC}") = "ProjecMvcUI", "ProjecMvcUI\ProjecMvcUI.csproj", "{549506D3-A19A-41D6-AFB7-D359280A9E6D}"
EndProject
Project("{FAE04EC0-301F-11D3-BF4B-00C04F79EFBC}") = "Project.Domin", "Project.Domin\Project.Domin.csproj", "{78A3B007-3D0E-4FE1-AA07-0E48FFDE3A2C}"
EndProject
Project("{FAE04EC0-301F-11D3-BF4B-00C04F79EFBC}") = "Project.Data", "Project.Data\Project.Data.csproj", "{503A77CD-B6B5-4FD4-9EB7-067D00A0F23B}"
EndProject
Global
	GlobalSection(SolutionConfigurationPlatforms) = preSolution
		Debug|Any CPU = Debug|Any CPU
		Release|Any CPU = Release|Any CPU
	EndGlobalSection
	GlobalSection(ProjectConfigurationPlatforms) = postSolution
		{549506D3-A19A-41D6-AFB7-D359280A9E6D}.Debug|Any CPU.ActiveCfg = Debug|Any CPU
		{549506D3-A19A-41D6-AFB7-D359280A9E6D}.Debug|Any CPU.Build.0 = Debug|Any CPU
		{549506D3-A19A-41D6-AFB7-D359280A9E6D}.Release|Any CPU.ActiveCfg = Release|Any CPU
		{549506D3-A19A-41D6-AFB7-D359280A9E6D}.Release|Any CPU.Build.0 = Release|Any CPU
		{78A3B007-3D0E-4FE1-AA07-0E48FFDE3A2C}.Debug|Any CPU.ActiveCfg = Debug|Any CPU
		{78A3B007-3D0E-4FE1-AA07-0E48FFDE3A2C}.Debug|Any CPU.Build.0 = Debug|Any CPU
		{78A3B007-3D0E-4FE1-AA07-0E48FFDE3A2C}.Release|Any CPU.ActiveCfg = Release|Any CPU
		{78A3B007-3D0E-4FE1-AA07-0E48FFDE3A2C}.Release|Any CPU.Build.0 = Release|Any CPU
		{503A77CD-B6B5-4FD4-9EB7-067D00A0F23B}.Debug|Any CPU.ActiveCfg = Debug|Any CPU
		{503A77CD-B6B5-4FD4-9EB7-067D00A0F23B}.Debug|Any CPU.Build.0 = Debug|Any CPU
		{503A77CD-B6B5-4FD4-9EB7-067D00A0F23B}.Release|Any CPU.ActiveCfg = Release|Any CPU
		{503A77CD-B6B5-4FD4-9EB7-067D00A0F23B}.Release|Any CPU.Build.0 = Release|Any CPU
	EndGlobalSection
	GlobalSection(SolutionProperties) = preSolution
		HideSolutionNode = FALSE
	EndGlobalSection
	GlobalSection(NestedProjects) = preSolution
		{549506D3-A19A-41D6-AFB7-D359280A9E6D} = {75F8D2B6-078D-4AA7-882E-A104FF135C3F}
		{78A3B007-3D0E-4FE1-AA07-0E48FFDE3A2C} = {459996AE-7F22-4E75-B0E3-0436640F6B94}
		{503A77CD-B6B5-4FD4-9EB7-067D00A0F23B} = {2A24312D-F411-4ECA-A403-88F17BB7048E}
	EndGlobalSection
	GlobalSection(ExtensibilityGlobals) = postSolution
		SolutionGuid = {B41790AB-5483-4917-A974-E5670D474D93}
	EndGlobalSection
EndGlobal
